
Microsoft Visual Studio Solution File, Format Version 12.00
# Visual Studio 15
VisualStudioVersion = 15.0.26730.12
MinimumVisualStudioVersion = 10.0.40219.1
Project("{F184B08F-C81C-45F6-A57F-5ABD9991F28F}") = "Snake", "Snake\Snake.vbproj", "{69B9A808-5DA5-43E8-9AD4-45916BF7276E}"
EndProject
Global
	GlobalSection(SolutionConfigurationPlatforms) = preSolution
		Debug|Any CPU = Debug|Any CPU
		Release|Any CPU = Release|Any CPU
	EndGlobalSection
	GlobalSection(ProjectConfigurationPlatforms) = postSolution
		{69B9A808-5DA5-43E8-9AD4-45916BF7276E}.Debug|Any CPU.ActiveCfg = Debug|Any CPU
		{69B9A808-5DA5-43E8-9AD4-45916BF7276E}.Debug|Any CPU.Build.0 = Debug|Any CPU
		{69B9A808-5DA5-43E8-9AD4-45916BF7276E}.Release|Any CPU.ActiveCfg = Release|Any CPU
		{69B9A808-5DA5-43E8-9AD4-45916BF7276E}.Release|Any CPU.Build.0 = Release|Any CPU
	EndGlobalSection
	GlobalSection(SolutionProperties) = preSolution
		HideSolutionNode = FALSE
	EndGlobalSection
	GlobalSection(ExtensibilityGlobals) = postSolution
		SolutionGuid = {15757D12-1BDA-458D-A283-9CEF0BBCFFAC}
	EndGlobalSection
EndGlobal
